
Microsoft Visual Studio Solution File, Format Version 12.00
# Visual Studio Version 16
VisualStudioVersion = 16.0.33214.272
MinimumVisualStudioVersion = 10.0.40219.1
Project("{FAE04EC0-301F-11D3-BF4B-00C04F79EFBC}") = "ConstructorAssignment", "ConstructorAssignment\ConstructorAssignment.csproj", "{C473EA33-BC96-4306-B4C6-E3FD0930802A}"
EndProject
Global
	GlobalSection(SolutionConfigurationPlatforms) = preSolution
		Debug|Any CPU = Debug|Any CPU
		Release|Any CPU = Release|Any CPU
	EndGlobalSection
	GlobalSection(ProjectConfigurationPlatforms) = postSolution
		{C473EA33-BC96-4306-B4C6-E3FD0930802A}.Debug|Any CPU.ActiveCfg = Debug|Any CPU
		{C473EA33-BC96-4306-B4C6-E3FD0930802A}.Debug|Any CPU.Build.0 = Debug|Any CPU
		{C473EA33-BC96-4306-B4C6-E3FD0930802A}.Release|Any CPU.ActiveCfg = Release|Any CPU
		{C473EA33-BC96-4306-B4C6-E3FD0930802A}.Release|Any CPU.Build.0 = Release|Any CPU
	EndGlobalSection
	GlobalSection(SolutionProperties) = preSolution
		HideSolutionNode = FALSE
	EndGlobalSection
	GlobalSection(ExtensibilityGlobals) = postSolution
		SolutionGuid = {4A1B1FCE-BF3A-4044-89B0-19D0EF44B5DD}
	EndGlobalSection
EndGlobal
