
Microsoft Visual Studio Solution File, Format Version 12.00
# Visual Studio Version 16
VisualStudioVersion = 16.0.33214.272
MinimumVisualStudioVersion = 10.0.40219.1
Project("{FAE04EC0-301F-11D3-BF4B-00C04F79EFBC}") = "CarInsurance", "CarInsurance\CarInsurance.csproj", "{F7511BE8-5CC8-422E-BA7F-FB0B9439FA5D}"
EndProject
Global
	GlobalSection(SolutionConfigurationPlatforms) = preSolution
		Debug|Any CPU = Debug|Any CPU
		Release|Any CPU = Release|Any CPU
	EndGlobalSection
	GlobalSection(ProjectConfigurationPlatforms) = postSolution
		{F7511BE8-5CC8-422E-BA7F-FB0B9439FA5D}.Debug|Any CPU.ActiveCfg = Debug|Any CPU
		{F7511BE8-5CC8-422E-BA7F-FB0B9439FA5D}.Debug|Any CPU.Build.0 = Debug|Any CPU
		{F7511BE8-5CC8-422E-BA7F-FB0B9439FA5D}.Release|Any CPU.ActiveCfg = Release|Any CPU
		{F7511BE8-5CC8-422E-BA7F-FB0B9439FA5D}.Release|Any CPU.Build.0 = Release|Any CPU
	EndGlobalSection
	GlobalSection(SolutionProperties) = preSolution
		HideSolutionNode = FALSE
	EndGlobalSection
	GlobalSection(ExtensibilityGlobals) = postSolution
		SolutionGuid = {032641FD-663A-43E0-B34B-2DA67A348438}
	EndGlobalSection
EndGlobal
