
Microsoft Visual Studio Solution File, Format Version 12.00
# Visual Studio Version 16
VisualStudioVersion = 16.0.33214.272
MinimumVisualStudioVersion = 10.0.40219.1
Project("{FAE04EC0-301F-11D3-BF4B-00C04F79EFBC}") = "ClassSubmissionAssignment", "ClassSubmissionAssignment\ClassSubmissionAssignment.csproj", "{5C905814-6463-41C9-A534-1FF1C3DC57DB}"
EndProject
Global
	GlobalSection(SolutionConfigurationPlatforms) = preSolution
		Debug|Any CPU = Debug|Any CPU
		Release|Any CPU = Release|Any CPU
	EndGlobalSection
	GlobalSection(ProjectConfigurationPlatforms) = postSolution
		{5C905814-6463-41C9-A534-1FF1C3DC57DB}.Debug|Any CPU.ActiveCfg = Debug|Any CPU
		{5C905814-6463-41C9-A534-1FF1C3DC57DB}.Debug|Any CPU.Build.0 = Debug|Any CPU
		{5C905814-6463-41C9-A534-1FF1C3DC57DB}.Release|Any CPU.ActiveCfg = Release|Any CPU
		{5C905814-6463-41C9-A534-1FF1C3DC57DB}.Release|Any CPU.Build.0 = Release|Any CPU
	EndGlobalSection
	GlobalSection(SolutionProperties) = preSolution
		HideSolutionNode = FALSE
	EndGlobalSection
	GlobalSection(ExtensibilityGlobals) = postSolution
		SolutionGuid = {883360AE-88B7-477A-BC9F-5DB56D2ADFE8}
	EndGlobalSection
EndGlobal
